
Microsoft Visual Studio Solution File, Format Version 12.00
# Visual Studio Version 16
VisualStudioVersion = 16.0.30804.86
MinimumVisualStudioVersion = 10.0.40219.1
Project("{888888A0-9F3D-457C-B088-3A5042F75D52}") = "pong_demo_live", "pong_demo_live\pong_demo_live.pyproj", "{A5C6249A-3684-4B91-9302-048205135DC2}"
EndProject
Global
	GlobalSection(SolutionConfigurationPlatforms) = preSolution
		Debug|Any CPU = Debug|Any CPU
		Release|Any CPU = Release|Any CPU
	EndGlobalSection
	GlobalSection(ProjectConfigurationPlatforms) = postSolution
		{A5C6249A-3684-4B91-9302-048205135DC2}.Debug|Any CPU.ActiveCfg = Debug|Any CPU
		{A5C6249A-3684-4B91-9302-048205135DC2}.Release|Any CPU.ActiveCfg = Release|Any CPU
	EndGlobalSection
	GlobalSection(SolutionProperties) = preSolution
		HideSolutionNode = FALSE
	EndGlobalSection
	GlobalSection(ExtensibilityGlobals) = postSolution
		SolutionGuid = {3CD431CC-1EC2-415B-80CB-85B2C6A0208D}
	EndGlobalSection
EndGlobal
